
Microsoft Visual Studio Solution File, Format Version 12.00
# Visual Studio Version 17
VisualStudioVersion = 17.14.36401.2 d17.14
MinimumVisualStudioVersion = 10.0.40219.1
Project("{FAE04EC0-301F-11D3-BF4B-00C04F79EFBC}") = "arab1", "arab1.csproj", "{AB44801B-9166-4AB2-828E-2416F80C145C}"
EndProject
Global
	GlobalSection(SolutionConfigurationPlatforms) = preSolution
		Debug|Any CPU = Debug|Any CPU
		Release|Any CPU = Release|Any CPU
	EndGlobalSection
	GlobalSection(ProjectConfigurationPlatforms) = postSolution
		{AB44801B-9166-4AB2-828E-2416F80C145C}.Debug|Any CPU.ActiveCfg = Debug|Any CPU
		{AB44801B-9166-4AB2-828E-2416F80C145C}.Debug|Any CPU.Build.0 = Debug|Any CPU
		{AB44801B-9166-4AB2-828E-2416F80C145C}.Release|Any CPU.ActiveCfg = Release|Any CPU
		{AB44801B-9166-4AB2-828E-2416F80C145C}.Release|Any CPU.Build.0 = Release|Any CPU
	EndGlobalSection
	GlobalSection(SolutionProperties) = preSolution
		HideSolutionNode = FALSE
	EndGlobalSection
	GlobalSection(ExtensibilityGlobals) = postSolution
		SolutionGuid = {6FDB9D17-347F-461F-990E-BF3498B01D15}
	EndGlobalSection
EndGlobal
